Microsoft Visual Studio Solution File, Format Version 12.00
# Visual Studio 15
VisualStudioVersion = 15.0.28307.960
MinimumVisualStudioVersion = 10.0.40219.1
Project("{8BC9CEB8-8B4A-11D0-8D11-00A0C91BC942}") = "CDTestFramework", "CDTestFramework.vcxproj", "{0565DB39-45CC-416E-B549-BFC24F2666D1}"
EndProject
Project("{8BC9CEB8-8B4A-11D0-8D11-00A0C91BC942}") = "Opcode", "Opcode\Opcode.vcxproj", "{DBE44CA3-2912-4441-8D99-AA2242688AD2}"
EndProject
Project("{8BC9CEB8-8B4A-11D0-8D11-00A0C91BC942}") = "BulletCollision", "..\..\build-win\src\BulletCollision\BulletCollision.vcxproj", "{EC74EFA7-B1D2-3427-8A8C-A13D44844EE1}"
EndProject
Project("{8BC9CEB8-8B4A-11D0-8D11-00A0C91BC942}") = "LinearMath", "..\..\build-win\src\LinearMath\LinearMath.vcxproj", "{34D43A63-15DC-347E-9AB8-414A7CDA1AAD}"
EndProject
Global
	GlobalSection(SolutionConfigurationPlatforms) = preSolution
		Debug|Win32 = Debug|Win32
		DebugDll|Win32 = DebugDll|Win32
		DebugDoublePrecision|Win32 = DebugDoublePrecision|Win32
		MinSizeRel|Win32 = MinSizeRel|Win32
		Release|Win32 = Release|Win32
		ReleaseDll|Win32 = ReleaseDll|Win32
		ReleaseDoublePrecision|Win32 = ReleaseDoublePrecision|Win32
		RelWithDebInfo|Win32 = RelWithDebInfo|Win32
	EndGlobalSection
	GlobalSection(ProjectConfigurationPlatforms) = postSolution
		{0565DB39-45CC-416E-B549-BFC24F2666D1}.Debug|Win32.ActiveCfg = Debug|Win32
		{0565DB39-45CC-416E-B549-BFC24F2666D1}.Debug|Win32.Build.0 = Debug|Win32
		{0565DB39-45CC-416E-B549-BFC24F2666D1}.DebugDll|Win32.ActiveCfg = Debug|Win32
		{0565DB39-45CC-416E-B549-BFC24F2666D1}.DebugDll|Win32.Build.0 = Debug|Win32
		{0565DB39-45CC-416E-B549-BFC24F2666D1}.DebugDoublePrecision|Win32.ActiveCfg = Debug|Win32
		{0565DB39-45CC-416E-B549-BFC24F2666D1}.DebugDoublePrecision|Win32.Build.0 = Debug|Win32
		{0565DB39-45CC-416E-B549-BFC24F2666D1}.MinSizeRel|Win32.ActiveCfg = Release|Win32
		{0565DB39-45CC-416E-B549-BFC24F2666D1}.MinSizeRel|Win32.Build.0 = Release|Win32
		{0565DB39-45CC-416E-B549-BFC24F2666D1}.Release|Win32.ActiveCfg = Release|Win32
		{0565DB39-45CC-416E-B549-BFC24F2666D1}.Release|Win32.Build.0 = Release|Win32
		{0565DB39-45CC-416E-B549-BFC24F2666D1}.ReleaseDll|Win32.ActiveCfg = Release|Win32
		{0565DB39-45CC-416E-B549-BFC24F2666D1}.ReleaseDll|Win32.Build.0 = Release|Win32
		{0565DB39-45CC-416E-B549-BFC24F2666D1}.ReleaseDoublePrecision|Win32.ActiveCfg = Release|Win32
		{0565DB39-45CC-416E-B549-BFC24F2666D1}.ReleaseDoublePrecision|Win32.Build.0 = Release|Win32
		{0565DB39-45CC-416E-B549-BFC24F2666D1}.RelWithDebInfo|Win32.ActiveCfg = Release|Win32
		{0565DB39-45CC-416E-B549-BFC24F2666D1}.RelWithDebInfo|Win32.Build.0 = Release|Win32
		{DBE44CA3-2912-4441-8D99-AA2242688AD2}.Debug|Win32.ActiveCfg = Debug|Win32
		{DBE44CA3-2912-4441-8D99-AA2242688AD2}.Debug|Win32.Build.0 = Debug|Win32
		{DBE44CA3-2912-4441-8D99-AA2242688AD2}.DebugDll|Win32.ActiveCfg = Debug|Win32
		{DBE44CA3-2912-4441-8D99-AA2242688AD2}.DebugDll|Win32.Build.0 = Debug|Win32
		{DBE44CA3-2912-4441-8D99-AA2242688AD2}.DebugDoublePrecision|Win32.ActiveCfg = Debug|Win32
		{DBE44CA3-2912-4441-8D99-AA2242688AD2}.DebugDoublePrecision|Win32.Build.0 = Debug|Win32
		{DBE44CA3-2912-4441-8D99-AA2242688AD2}.MinSizeRel|Win32.ActiveCfg = Debug|Win32
		{DBE44CA3-2912-4441-8D99-AA2242688AD2}.MinSizeRel|Win32.Build.0 = Debug|Win32
		{DBE44CA3-2912-4441-8D99-AA2242688AD2}.Release|Win32.ActiveCfg = Release|Win32
		{DBE44CA3-2912-4441-8D99-AA2242688AD2}.Release|Win32.Build.0 = Release|Win32
		{DBE44CA3-2912-4441-8D99-AA2242688AD2}.ReleaseDll|Win32.ActiveCfg = Release|Win32
		{DBE44CA3-2912-4441-8D99-AA2242688AD2}.ReleaseDll|Win32.Build.0 = Release|Win32
		{DBE44CA3-2912-4441-8D99-AA2242688AD2}.ReleaseDoublePrecision|Win32.ActiveCfg = Release|Win32
		{DBE44CA3-2912-4441-8D99-AA2242688AD2}.ReleaseDoublePrecision|Win32.Build.0 = Release|Win32
		{DBE44CA3-2912-4441-8D99-AA2242688AD2}.RelWithDebInfo|Win32.ActiveCfg = Release|Win32
		{DBE44CA3-2912-4441-8D99-AA2242688AD2}.RelWithDebInfo|Win32.Build.0 = Release|Win32
		{EC74EFA7-B1D2-3427-8A8C-A13D44844EE1}.Debug|Win32.ActiveCfg = Debug|Win32
		{EC74EFA7-B1D2-3427-8A8C-A13D44844EE1}.Debug|Win32.Build.0 = Debug|Win32
		{EC74EFA7-B1D2-3427-8A8C-A13D44844EE1}.DebugDll|Win32.ActiveCfg = Debug|Win32
		{EC74EFA7-B1D2-3427-8A8C-A13D44844EE1}.DebugDll|Win32.Build.0 = Debug|Win32
		{EC74EFA7-B1D2-3427-8A8C-A13D44844EE1}.DebugDoublePrecision|Win32.ActiveCfg = Debug|Win32
		{EC74EFA7-B1D2-3427-8A8C-A13D44844EE1}.DebugDoublePrecision|Win32.Build.0 = Debug|Win32
		{EC74EFA7-B1D2-3427-8A8C-A13D44844EE1}.MinSizeRel|Win32.ActiveCfg = Debug|Win32
		{EC74EFA7-B1D2-3427-8A8C-A13D44844EE1}.MinSizeRel|Win32.Build.0 = Debug|Win32
		{EC74EFA7-B1D2-3427-8A8C-A13D44844EE1}.Release|Win32.ActiveCfg = Release|Win32
		{EC74EFA7-B1D2-3427-8A8C-A13D44844EE1}.Release|Win32.Build.0 = Release|Win32
		{EC74EFA7-B1D2-3427-8A8C-A13D44844EE1}.ReleaseDll|Win32.ActiveCfg = Release|Win32
		{EC74EFA7-B1D2-3427-8A8C-A13D44844EE1}.ReleaseDll|Win32.Build.0 = Release|Win32
		{EC74EFA7-B1D2-3427-8A8C-A13D44844EE1}.ReleaseDoublePrecision|Win32.ActiveCfg = Release|Win32
		{EC74EFA7-B1D2-3427-8A8C-A13D44844EE1}.ReleaseDoublePrecision|Win32.Build.0 = Release|Win32
		{EC74EFA7-B1D2-3427-8A8C-A13D44844EE1}.RelWithDebInfo|Win32.ActiveCfg = Release|Win32
		{EC74EFA7-B1D2-3427-8A8C-A13D44844EE1}.RelWithDebInfo|Win32.Build.0 = Release|Win32
		{34D43A63-15DC-347E-9AB8-414A7CDA1AAD}.Debug|Win32.ActiveCfg = Debug|Win32
		{34D43A63-15DC-347E-9AB8-414A7CDA1AAD}.Debug|Win32.Build.0 = Debug|Win32
		{34D43A63-15DC-347E-9AB8-414A7CDA1AAD}.DebugDll|Win32.ActiveCfg = Debug|Win32
		{34D43A63-15DC-347E-9AB8-414A7CDA1AAD}.DebugDll|Win32.Build.0 = Debug|Win32
		{34D43A63-15DC-347E-9AB8-414A7CDA1AAD}.DebugDoublePrecision|Win32.ActiveCfg = Debug|Win32
		{34D43A63-15DC-347E-9AB8-414A7CDA1AAD}.DebugDoublePrecision|Win32.Build.0 = Debug|Win32
		{34D43A63-15DC-347E-9AB8-414A7CDA1AAD}.MinSizeRel|Win32.ActiveCfg = Debug|Win32
		{34D43A63-15DC-347E-9AB8-414A7CDA1AAD}.MinSizeRel|Win32.Build.0 = Debug|Win32
		{34D43A63-15DC-347E-9AB8-414A7CDA1AAD}.Release|Win32.ActiveCfg = Release|Win32
		{34D43A63-15DC-347E-9AB8-414A7CDA1AAD}.Release|Win32.Build.0 = Release|Win32
		{34D43A63-15DC-347E-9AB8-414A7CDA1AAD}.ReleaseDll|Win32.ActiveCfg = Release|Win32
		{34D43A63-15DC-347E-9AB8-414A7CDA1AAD}.ReleaseDll|Win32.Build.0 = Release|Win32
		{34D43A63-15DC-347E-9AB8-414A7CDA1AAD}.ReleaseDoublePrecision|Win32.ActiveCfg = Release|Win32
		{34D43A63-15DC-347E-9AB8-414A7CDA1AAD}.ReleaseDoublePrecision|Win32.Build.0 = Release|Win32
		{34D43A63-15DC-347E-9AB8-414A7CDA1AAD}.RelWithDebInfo|Win32.ActiveCfg = Release|Win32
		{34D43A63-15DC-347E-9AB8-414A7CDA1AAD}.RelWithDebInfo|Win32.Build.0 = Release|Win32
	EndGlobalSection
	GlobalSection(SolutionProperties) = preSolution
		HideSolutionNode = FALSE
	EndGlobalSection
	GlobalSection(ExtensibilityGlobals) = postSolution
		SolutionGuid = {94FB569E-110B-4C8C-B12E-30F0781D41AC}
	EndGlobalSection
EndGlobal
